
Microsoft Visual Studio Solution File, Format Version 9.00
# Visual Studio 2005
Project("{8BC9CEB8-8B4A-11D0-8D11-00A0C91BC942}") = "BasicLoc", "BasicLoc.vcproj", "{3B1B575D-6750-4C15-B1CB-4E9517295512}"
EndProject
Global
	GlobalSection(SolutionConfigurationPlatforms) = preSolution
		Debug|Win32 = Debug|Win32
		Release|Win32 = Release|Win32
	EndGlobalSection
	GlobalSection(ProjectConfigurationPlatforms) = postSolution
		{3B1B575D-6750-4C15-B1CB-4E9517295512}.Debug|Win32.ActiveCfg = Debug|Win32
		{3B1B575D-6750-4C15-B1CB-4E9517295512}.Debug|Win32.Build.0 = Debug|Win32
		{3B1B575D-6750-4C15-B1CB-4E9517295512}.Release|Win32.ActiveCfg = Release|Win32
		{3B1B575D-6750-4C15-B1CB-4E9517295512}.Release|Win32.Build.0 = Release|Win32
	EndGlobalSection
	GlobalSection(SolutionProperties) = preSolution
		HideSolutionNode = FALSE
	EndGlobalSection
EndGlobal
